// !$*UTF8*$!
{
	archiveVersion = 1;
	classes = {
	};
	objectVersion = 56;
	objects = {

/* Begin PBXBuildFile section */
		0203BEB72A151AE600C2921B /* POIMapView.swift in Sources */ = {isa = PBXBuildFile; fileRef = 0203BEB62A151AE600C2921B /* POIMapView.swift */; };
		0218796E2A1D75AA000D7B88 /* FestivalDetailView.swift in Sources */ = {isa = PBXBuildFile; fileRef = 0218796D2A1D75AA000D7B88 /* FestivalDetailView.swift */; };
		021D57CE2A282C8B009892BE /* MacUI in Frameworks */ = {isa = PBXBuildFile; productRef = 021D57CD2A282C8B009892BE /* MacUI */; };
		021D57D12A282ECF009892BE /* ViewModels in Frameworks */ = {isa = PBXBuildFile; productRef = 021D57D02A282ECF009892BE /* ViewModels */; };
		021D57D42A28D535009892BE /* Routing in Frameworks */ = {isa = PBXBuildFile; productRef = 021D57D32A28D535009892BE /* Routing */; };
		026CA3B92A1054BC00659D36 /* rockland_meApp.swift in Sources */ = {isa = PBXBuildFile; fileRef = 026CA3B82A1054BC00659D36 /* rockland_meApp.swift */; };
		026CA3BB2A1054BC00659D36 /* ContentView.swift in Sources */ = {isa = PBXBuildFile; fileRef = 026CA3BA2A1054BC00659D36 /* ContentView.swift */; };
		026CA3BD2A1054BD00659D36 /* Assets.xcassets in Resources */ = {isa = PBXBuildFile; fileRef = 026CA3BC2A1054BD00659D36 /* Assets.xcassets */; };
		026CA3C12A1054BD00659D36 /* Preview Assets.xcassets in Resources */ = {isa = PBXBuildFile; fileRef = 026CA3C02A1054BD00659D36 /* Preview Assets.xcassets */; };
		02C38A512A13D2AF0019D796 /* HorizontalTagPicker.swift in Sources */ = {isa = PBXBuildFile; fileRef = 02C38A502A13D2AF0019D796 /* HorizontalTagPicker.swift */; };
		02C38A532A13D7B40019D796 /* POIDetailView.swift in Sources */ = {isa = PBXBuildFile; fileRef = 02C38A522A13D7B40019D796 /* POIDetailView.swift */; };
		02C38A562A13DAE20019D796 /* MBUtilities in Frameworks */ = {isa = PBXBuildFile; platformFilters = (macos, ); productRef = 02C38A552A13DAE20019D796 /* MBUtilities */; };
		02D241912A151409003B4FC4 /* POIListView.swift in Sources */ = {isa = PBXBuildFile; fileRef = 02D241902A151409003B4FC4 /* POIListView.swift */; };
		02D241932A151611003B4FC4 /* AppEntryView.swift in Sources */ = {isa = PBXBuildFile; fileRef = 02D241922A151611003B4FC4 /* AppEntryView.swift */; };
		02D241952A1516BC003B4FC4 /* FestivalsViewModel.swift in Sources */ = {isa = PBXBuildFile; fileRef = 02D241942A1516BC003B4FC4 /* FestivalsViewModel.swift */; };
		02D241972A1516DF003B4FC4 /* FestivalModel.swift in Sources */ = {isa = PBXBuildFile; fileRef = 02D241962A1516DF003B4FC4 /* FestivalModel.swift */; };
		02D241992A1517D2003B4FC4 /* FestivalListView.swift in Sources */ = {isa = PBXBuildFile; fileRef = 02D241982A1517D2003B4FC4 /* FestivalListView.swift */; };
/* End PBXBuildFile section */

/* Begin PBXFileReference section */
		0203BEB62A151AE600C2921B /* POIMapView.swift */ = {isa = PBXFileReference; lastKnownFileType = sourcecode.swift; path = POIMapView.swift; sourceTree = "<group>"; };
		0218796D2A1D75AA000D7B88 /* FestivalDetailView.swift */ = {isa = PBXFileReference; lastKnownFileType = sourcecode.swift; path = FestivalDetailView.swift; sourceTree = "<group>"; };
		021D57CB2A282557009892BE /* MacUI */ = {isa = PBXFileReference; lastKnownFileType = wrapper; path = MacUI; sourceTree = "<group>"; };
		021D57CF2A282E1B009892BE /* ViewModels */ = {isa = PBXFileReference; lastKnownFileType = wrapper; path = ViewModels; sourceTree = "<group>"; };
		021D57D22A28D48F009892BE /* Routing */ = {isa = PBXFileReference; lastKnownFileType = wrapper; path = Routing; sourceTree = "<group>"; };
		026CA3B52A1054BC00659D36 /* rockland-me.app */ = {isa = PBXFileReference; explicitFileType = wrapper.application; includeInIndex = 0; path = "rockland-me.app"; sourceTree = BUILT_PRODUCTS_DIR; };
		026CA3B82A1054BC00659D36 /* rockland_meApp.swift */ = {isa = PBXFileReference; lastKnownFileType = sourcecode.swift; path = rockland_meApp.swift; sourceTree = "<group>"; };
		026CA3BA2A1054BC00659D36 /* ContentView.swift */ = {isa = PBXFileReference; lastKnownFileType = sourcecode.swift; path = ContentView.swift; sourceTree = "<group>"; };
		026CA3BC2A1054BD00659D36 /* Assets.xcassets */ = {isa = PBXFileReference; lastKnownFileType = folder.assetcatalog; path = Assets.xcassets; sourceTree = "<group>"; };
		026CA3BE2A1054BD00659D36 /* rockland_me.entitlements */ = {isa = PBXFileReference; lastKnownFileType = text.plist.entitlements; path = rockland_me.entitlements; sourceTree = "<group>"; };
		026CA3C02A1054BD00659D36 /* Preview Assets.xcassets */ = {isa = PBXFileReference; lastKnownFileType = folder.assetcatalog; path = "Preview Assets.xcassets"; sourceTree = "<group>"; };
		02C38A502A13D2AF0019D796 /* HorizontalTagPicker.swift */ = {isa = PBXFileReference; lastKnownFileType = sourcecode.swift; path = HorizontalTagPicker.swift; sourceTree = "<group>"; };
		02C38A522A13D7B40019D796 /* POIDetailView.swift */ = {isa = PBXFileReference; lastKnownFileType = sourcecode.swift; path = POIDetailView.swift; sourceTree = "<group>"; };
		02D241902A151409003B4FC4 /* POIListView.swift */ = {isa = PBXFileReference; lastKnownFileType = sourcecode.swift; path = POIListView.swift; sourceTree = "<group>"; };
		02D241922A151611003B4FC4 /* AppEntryView.swift */ = {isa = PBXFileReference; lastKnownFileType = sourcecode.swift; path = AppEntryView.swift; sourceTree = "<group>"; };
		02D241942A1516BC003B4FC4 /* FestivalsViewModel.swift */ = {isa = PBXFileReference; lastKnownFileType = sourcecode.swift; path = FestivalsViewModel.swift; sourceTree = "<group>"; };
		02D241962A1516DF003B4FC4 /* FestivalModel.swift */ = {isa = PBXFileReference; lastKnownFileType = sourcecode.swift; path = FestivalModel.swift; sourceTree = "<group>"; };
		02D241982A1517D2003B4FC4 /* FestivalListView.swift */ = {isa = PBXFileReference; lastKnownFileType = sourcecode.swift; path = FestivalListView.swift; sourceTree = "<group>"; };
/* End PBXFileReference section */

/* Begin PBXFrameworksBuildPhase section */
		026CA3B22A1054BC00659D36 /* Frameworks */ = {
			isa = PBXFrameworksBuildPhase;
			buildActionMask = 2147483647;
			files = (
				021D57CE2A282C8B009892BE /* MacUI in Frameworks */,
				02C38A562A13DAE20019D796 /* MBUtilities in Frameworks */,
				021D57D12A282ECF009892BE /* ViewModels in Frameworks */,
				021D57D42A28D535009892BE /* Routing in Frameworks */,
			);
			runOnlyForDeploymentPostprocessing = 0;
		};
/* End PBXFrameworksBuildPhase section */

/* Begin PBXGroup section */
		021D57CC2A282C8B009892BE /* Frameworks */ = {
			isa = PBXGroup;
			children = (
			);
			name = Frameworks;
			sourceTree = "<group>";
		};
		026CA3AC2A1054BC00659D36 = {
			isa = PBXGroup;
			children = (
				026CA3C72A1054E200659D36 /* Packages */,
				026CA3B72A1054BC00659D36 /* rockland-me */,
				026CA3B62A1054BC00659D36 /* Products */,
				021D57CC2A282C8B009892BE /* Frameworks */,
			);
			sourceTree = "<group>";
		};
		026CA3B62A1054BC00659D36 /* Products */ = {
			isa = PBXGroup;
			children = (
				026CA3B52A1054BC00659D36 /* rockland-me.app */,
			);
			name = Products;
			sourceTree = "<group>";
		};
		026CA3B72A1054BC00659D36 /* rockland-me */ = {
			isa = PBXGroup;
			children = (
				026CA3B82A1054BC00659D36 /* rockland_meApp.swift */,
				02D241922A151611003B4FC4 /* AppEntryView.swift */,
				026CA3BA2A1054BC00659D36 /* ContentView.swift */,
				02D2418D2A15138A003B4FC4 /* Locations */,
				02D2418C2A151385003B4FC4 /* Festivals */,
				02D2418B2A151381003B4FC4 /* POIs */,
				02C38A4B2A13C8150019D796 /* Views */,
				026CA3BC2A1054BD00659D36 /* Assets.xcassets */,
				026CA3BE2A1054BD00659D36 /* rockland_me.entitlements */,
				026CA3BF2A1054BD00659D36 /* Preview Content */,
			);
			path = "rockland-me";
			sourceTree = "<group>";
		};
		026CA3BF2A1054BD00659D36 /* Preview Content */ = {
			isa = PBXGroup;
			children = (
				026CA3C02A1054BD00659D36 /* Preview Assets.xcassets */,
			);
			path = "Preview Content";
			sourceTree = "<group>";
		};
		026CA3C72A1054E200659D36 /* Packages */ = {
			isa = PBXGroup;
			children = (
				021D57D22A28D48F009892BE /* Routing */,
				021D57CF2A282E1B009892BE /* ViewModels */,
				021D57CB2A282557009892BE /* MacUI */,
			);
			path = Packages;
			sourceTree = "<group>";
		};
		02C38A4B2A13C8150019D796 /* Views */ = {
			isa = PBXGroup;
			children = (
				02C38A502A13D2AF0019D796 /* HorizontalTagPicker.swift */,
			);
			path = Views;
			sourceTree = "<group>";
		};
		02D2418B2A151381003B4FC4 /* POIs */ = {
			isa = PBXGroup;
			children = (
				02D241902A151409003B4FC4 /* POIListView.swift */,
				02C38A522A13D7B40019D796 /* POIDetailView.swift */,
				0203BEB62A151AE600C2921B /* POIMapView.swift */,
			);
			path = POIs;
			sourceTree = "<group>";
		};
		02D2418C2A151385003B4FC4 /* Festivals */ = {
			isa = PBXGroup;
			children = (
				02D241942A1516BC003B4FC4 /* FestivalsViewModel.swift */,
				02D241982A1517D2003B4FC4 /* FestivalListView.swift */,
				0218796D2A1D75AA000D7B88 /* FestivalDetailView.swift */,
				02D241962A1516DF003B4FC4 /* FestivalModel.swift */,
			);
			path = Festivals;
			sourceTree = "<group>";
		};
		02D2418D2A15138A003B4FC4 /* Locations */ = {
			isa = PBXGroup;
			children = (
			);
			path = Locations;
			sourceTree = "<group>";
		};
/* End PBXGroup section */

/* Begin PBXNativeTarget section */
		026CA3B42A1054BC00659D36 /* rockland-me */ = {
			isa = PBXNativeTarget;
			buildConfigurationList = 026CA3C42A1054BD00659D36 /* Build configuration list for PBXNativeTarget "rockland-me" */;
			buildPhases = (
				026CA3B12A1054BC00659D36 /* Sources */,
				026CA3B22A1054BC00659D36 /* Frameworks */,
				026CA3B32A1054BC00659D36 /* Resources */,
			);
			buildRules = (
			);
			dependencies = (
			);
			name = "rockland-me";
			packageProductDependencies = (
				02C38A552A13DAE20019D796 /* MBUtilities */,
				021D57CD2A282C8B009892BE /* MacUI */,
				021D57D02A282ECF009892BE /* ViewModels */,
				021D57D32A28D535009892BE /* Routing */,
			);
			productName = "rockland-me";
			productReference = 026CA3B52A1054BC00659D36 /* rockland-me.app */;
			productType = "com.apple.product-type.application";
		};
/* End PBXNativeTarget section */

/* Begin PBXProject section */
		026CA3AD2A1054BC00659D36 /* Project object */ = {
			isa = PBXProject;
			attributes = {
				BuildIndependentTargetsInParallel = 1;
				LastSwiftUpdateCheck = 1430;
				LastUpgradeCheck = 1430;
				TargetAttributes = {
					026CA3B42A1054BC00659D36 = {
						CreatedOnToolsVersion = 14.3;
					};
				};
			};
			buildConfigurationList = 026CA3B02A1054BC00659D36 /* Build configuration list for PBXProject "rockland-me" */;
			compatibilityVersion = "Xcode 14.0";
			developmentRegion = en;
			hasScannedForEncodings = 0;
			knownRegions = (
				en,
				Base,
			);
			mainGroup = 026CA3AC2A1054BC00659D36;
			packageReferences = (
				02C38A542A13DAE20019D796 /* XCRemoteSwiftPackageReference "MBUtilities" */,
			);
			productRefGroup = 026CA3B62A1054BC00659D36 /* Products */;
			projectDirPath = "";
			projectRoot = "";
			targets = (
				026CA3B42A1054BC00659D36 /* rockland-me */,
			);
		};
/* End PBXProject section */

/* Begin PBXResourcesBuildPhase section */
		026CA3B32A1054BC00659D36 /* Resources */ = {
			isa = PBXResourcesBuildPhase;
			buildActionMask = 2147483647;
			files = (
				026CA3C12A1054BD00659D36 /* Preview Assets.xcassets in Resources */,
				026CA3BD2A1054BD00659D36 /* Assets.xcassets in Resources */,
			);
			runOnlyForDeploymentPostprocessing = 0;
		};
/* End PBXResourcesBuildPhase section */

/* Begin PBXSourcesBuildPhase section */
		026CA3B12A1054BC00659D36 /* Sources */ = {
			isa = PBXSourcesBuildPhase;
			buildActionMask = 2147483647;
			files = (
				02D241952A1516BC003B4FC4 /* FestivalsViewModel.swift in Sources */,
				0218796E2A1D75AA000D7B88 /* FestivalDetailView.swift in Sources */,
				02D241932A151611003B4FC4 /* AppEntryView.swift in Sources */,
				026CA3BB2A1054BC00659D36 /* ContentView.swift in Sources */,
				02C38A512A13D2AF0019D796 /* HorizontalTagPicker.swift in Sources */,
				02D241972A1516DF003B4FC4 /* FestivalModel.swift in Sources */,
				02D241912A151409003B4FC4 /* POIListView.swift in Sources */,
				0203BEB72A151AE600C2921B /* POIMapView.swift in Sources */,
				02C38A532A13D7B40019D796 /* POIDetailView.swift in Sources */,
				02D241992A1517D2003B4FC4 /* FestivalListView.swift in Sources */,
				026CA3B92A1054BC00659D36 /* rockland_meApp.swift in Sources */,
			);
			runOnlyForDeploymentPostprocessing = 0;
		};
/* End PBXSourcesBuildPhase section */

/* Begin XCBuildConfiguration section */
		026CA3C22A1054BD00659D36 /* Debug */ = {
			isa = XCBuildConfiguration;
			buildSettings = {
				ALWAYS_SEARCH_USER_PATHS = NO;
				CLANG_ANALYZER_NONNULL = YES;
				CLANG_ANALYZER_NUMBER_OBJECT_CONVERSION = YES_AGGRESSIVE;
				CLANG_CXX_LANGUAGE_STANDARD = "gnu++20";
				CLANG_ENABLE_MODULES = YES;
				CLANG_ENABLE_OBJC_ARC = YES;
				CLANG_ENABLE_OBJC_WEAK = YES;
				CLANG_WARN_BLOCK_CAPTURE_AUTORELEASING = YES;
				CLANG_WARN_BOOL_CONVERSION = YES;
				CLANG_WARN_COMMA = YES;
				CLANG_WARN_CONSTANT_CONVERSION = YES;
				CLANG_WARN_DEPRECATED_OBJC_IMPLEMENTATIONS = YES;
				CLANG_WARN_DIRECT_OBJC_ISA_USAGE = YES_ERROR;
				CLANG_WARN_DOCUMENTATION_COMMENTS = YES;
				CLANG_WARN_EMPTY_BODY = YES;
				CLANG_WARN_ENUM_CONVERSION = YES;
				CLANG_WARN_INFINITE_RECURSION = YES;
				CLANG_WARN_INT_CONVERSION = YES;
				CLANG_WARN_NON_LITERAL_NULL_CONVERSION = YES;
				CLANG_WARN_OBJC_IMPLICIT_RETAIN_SELF = YES;
				CLANG_WARN_OBJC_LITERAL_CONVERSION = YES;
				CLANG_WARN_OBJC_ROOT_CLASS = YES_ERROR;
				CLANG_WARN_QUOTED_INCLUDE_IN_FRAMEWORK_HEADER = YES;
				CLANG_WARN_RANGE_LOOP_ANALYSIS = YES;
				CLANG_WARN_STRICT_PROTOTYPES = YES;
				CLANG_WARN_SUSPICIOUS_MOVE = YES;
				CLANG_WARN_UNGUARDED_AVAILABILITY = YES_AGGRESSIVE;
				CLANG_WARN_UNREACHABLE_CODE = YES;
				CLANG_WARN__DUPLICATE_METHOD_MATCH = YES;
				COPY_PHASE_STRIP = NO;
				DEBUG_INFORMATION_FORMAT = dwarf;
				ENABLE_STRICT_OBJC_MSGSEND = YES;
				ENABLE_TESTABILITY = YES;
				GCC_C_LANGUAGE_STANDARD = gnu11;
				GCC_DYNAMIC_NO_PIC = NO;
				GCC_NO_COMMON_BLOCKS = YES;
				GCC_OPTIMIZATION_LEVEL = 0;
				GCC_PREPROCESSOR_DEFINITIONS = (
					"DEBUG=1",
					"$(inherited)",
				);
				GCC_WARN_64_TO_32_BIT_CONVERSION = YES;
				GCC_WARN_ABOUT_RETURN_TYPE = YES_ERROR;
				GCC_WARN_UNDECLARED_SELECTOR = YES;
				GCC_WARN_UNINITIALIZED_AUTOS = YES_AGGRESSIVE;
				GCC_WARN_UNUSED_FUNCTION = YES;
				GCC_WARN_UNUSED_VARIABLE = YES;
				MTL_ENABLE_DEBUG_INFO = INCLUDE_SOURCE;
				MTL_FAST_MATH = YES;
				ONLY_ACTIVE_ARCH = YES;
				SWIFT_ACTIVE_COMPILATION_CONDITIONS = DEBUG;
				SWIFT_OPTIMIZATION_LEVEL = "-Onone";
			};
			name = Debug;
		};
		026CA3C32A1054BD00659D36 /* Release */ = {
			isa = XCBuildConfiguration;
			buildSettings = {
				ALWAYS_SEARCH_USER_PATHS = NO;
				CLANG_ANALYZER_NONNULL = YES;
				CLANG_ANALYZER_NUMBER_OBJECT_CONVERSION = YES_AGGRESSIVE;
				CLANG_CXX_LANGUAGE_STANDARD = "gnu++20";
				CLANG_ENABLE_MODULES = YES;
				CLANG_ENABLE_OBJC_ARC = YES;
				CLANG_ENABLE_OBJC_WEAK = YES;
				CLANG_WARN_BLOCK_CAPTURE_AUTORELEASING = YES;
				CLANG_WARN_BOOL_CONVERSION = YES;
				CLANG_WARN_COMMA = YES;
				CLANG_WARN_CONSTANT_CONVERSION = YES;
				CLANG_WARN_DEPRECATED_OBJC_IMPLEMENTATIONS = YES;
				CLANG_WARN_DIRECT_OBJC_ISA_USAGE = YES_ERROR;
				CLANG_WARN_DOCUMENTATION_COMMENTS = YES;
				CLANG_WARN_EMPTY_BODY = YES;
				CLANG_WARN_ENUM_CONVERSION = YES;
				CLANG_WARN_INFINITE_RECURSION = YES;
				CLANG_WARN_INT_CONVERSION = YES;
				CLANG_WARN_NON_LITERAL_NULL_CONVERSION = YES;
				CLANG_WARN_OBJC_IMPLICIT_RETAIN_SELF = YES;
				CLANG_WARN_OBJC_LITERAL_CONVERSION = YES;
				CLANG_WARN_OBJC_ROOT_CLASS = YES_ERROR;
				CLANG_WARN_QUOTED_INCLUDE_IN_FRAMEWORK_HEADER = YES;
				CLANG_WARN_RANGE_LOOP_ANALYSIS = YES;
				CLANG_WARN_STRICT_PROTOTYPES = YES;
				CLANG_WARN_SUSPICIOUS_MOVE = YES;
				CLANG_WARN_UNGUARDED_AVAILABILITY = YES_AGGRESSIVE;
				CLANG_WARN_UNREACHABLE_CODE = YES;
				CLANG_WARN__DUPLICATE_METHOD_MATCH = YES;
				COPY_PHASE_STRIP = NO;
				DEBUG_INFORMATION_FORMAT = "dwarf-with-dsym";
				ENABLE_NS_ASSERTIONS = NO;
				ENABLE_STRICT_OBJC_MSGSEND = YES;
				GCC_C_LANGUAGE_STANDARD = gnu11;
				GCC_NO_COMMON_BLOCKS = YES;
				GCC_WARN_64_TO_32_BIT_CONVERSION = YES;
				GCC_WARN_ABOUT_RETURN_TYPE = YES_ERROR;
				GCC_WARN_UNDECLARED_SELECTOR = YES;
				GCC_WARN_UNINITIALIZED_AUTOS = YES_AGGRESSIVE;
				GCC_WARN_UNUSED_FUNCTION = YES;
				GCC_WARN_UNUSED_VARIABLE = YES;
				MTL_ENABLE_DEBUG_INFO = NO;
				MTL_FAST_MATH = YES;
				SWIFT_COMPILATION_MODE = wholemodule;
				SWIFT_OPTIMIZATION_LEVEL = "-O";
			};
			name = Release;
		};
		026CA3C52A1054BD00659D36 /* Debug */ = {
			isa = XCBuildConfiguration;
			buildSettings = {
				ASSETCATALOG_COMPILER_APPICON_NAME = AppIcon;
				ASSETCATALOG_COMPILER_GLOBAL_ACCENT_COLOR_NAME = AccentColor;
				CODE_SIGN_ENTITLEMENTS = "rockland-me/rockland_me.entitlements";
				CODE_SIGN_STYLE = Automatic;
				CURRENT_PROJECT_VERSION = 1;
				DEVELOPMENT_ASSET_PATHS = "\"rockland-me/Preview Content\"";
				DEVELOPMENT_TEAM = 24MP8L55BY;
				ENABLE_HARDENED_RUNTIME = YES;
				ENABLE_PREVIEWS = YES;
				GENERATE_INFOPLIST_FILE = YES;
				"INFOPLIST_KEY_UIApplicationSceneManifest_Generation[sdk=iphoneos*]" = YES;
				"INFOPLIST_KEY_UIApplicationSceneManifest_Generation[sdk=iphonesimulator*]" = YES;
				"INFOPLIST_KEY_UIApplicationSupportsIndirectInputEvents[sdk=iphoneos*]" = YES;
				"INFOPLIST_KEY_UIApplicationSupportsIndirectInputEvents[sdk=iphonesimulator*]" = YES;
				"INFOPLIST_KEY_UILaunchScreen_Generation[sdk=iphoneos*]" = YES;
				"INFOPLIST_KEY_UILaunchScreen_Generation[sdk=iphonesimulator*]" = YES;
				"INFOPLIST_KEY_UIStatusBarStyle[sdk=iphoneos*]" = UIStatusBarStyleDefault;
				"INFOPLIST_KEY_UIStatusBarStyle[sdk=iphonesimulator*]" = UIStatusBarStyleDefault;
				INFOPLIST_KEY_UISupportedInterfaceOrientations_iPad = "UIInterfaceOrientationPortrait UIInterfaceOrientationPortraitUpsideDown UIInterfaceOrientationLandscapeLeft UIInterfaceOrientationLandscapeRight";
				INFOPLIST_KEY_UISupportedInterfaceOrientations_iPhone = "UIInterfaceOrientationPortrait UIInterfaceOrientationLandscapeLeft UIInterfaceOrientationLandscapeRight";
				IPHONEOS_DEPLOYMENT_TARGET = 16.4;
				LD_RUNPATH_SEARCH_PATHS = "@executable_path/Frameworks";
				"LD_RUNPATH_SEARCH_PATHS[sdk=macosx*]" = "@executable_path/../Frameworks";
				MACOSX_DEPLOYMENT_TARGET = 13.1;
				MARKETING_VERSION = 1.0;
				PRODUCT_BUNDLE_IDENTIFIER = "io.bonney.rockland-me";
				PRODUCT_NAME = "$(TARGET_NAME)";
				SDKROOT = auto;
				SUPPORTED_PLATFORMS = "iphoneos iphonesimulator macosx";
				SWIFT_EMIT_LOC_STRINGS = YES;
				SWIFT_VERSION = 5.0;
				TARGETED_DEVICE_FAMILY = "1,2";
			};
			name = Debug;
		};
		026CA3C62A1054BD00659D36 /* Release */ = {
			isa = XCBuildConfiguration;
			buildSettings = {
				ASSETCATALOG_COMPILER_APPICON_NAME = AppIcon;
				ASSETCATALOG_COMPILER_GLOBAL_ACCENT_COLOR_NAME = AccentColor;
				CODE_SIGN_ENTITLEMENTS = "rockland-me/rockland_me.entitlements";
				CODE_SIGN_STYLE = Automatic;
				CURRENT_PROJECT_VERSION = 1;
				DEVELOPMENT_ASSET_PATHS = "\"rockland-me/Preview Content\"";
				DEVELOPMENT_TEAM = 24MP8L55BY;
				ENABLE_HARDENED_RUNTIME = YES;
				ENABLE_PREVIEWS = YES;
				GENERATE_INFOPLIST_FILE = YES;
				"INFOPLIST_KEY_UIApplicationSceneManifest_Generation[sdk=iphoneos*]" = YES;
				"INFOPLIST_KEY_UIApplicationSceneManifest_Generation[sdk=iphonesimulator*]" = YES;
				"INFOPLIST_KEY_UIApplicationSupportsIndirectInputEvents[sdk=iphoneos*]" = YES;
				"INFOPLIST_KEY_UIApplicationSupportsIndirectInputEvents[sdk=iphonesimulator*]" = YES;
				"INFOPLIST_KEY_UILaunchScreen_Generation[sdk=iphoneos*]" = YES;
				"INFOPLIST_KEY_UILaunchScreen_Generation[sdk=iphonesimulator*]" = YES;
				"INFOPLIST_KEY_UIStatusBarStyle[sdk=iphoneos*]" = UIStatusBarStyleDefault;
				"INFOPLIST_KEY_UIStatusBarStyle[sdk=iphonesimulator*]" = UIStatusBarStyleDefault;
				INFOPLIST_KEY_UISupportedInterfaceOrientations_iPad = "UIInterfaceOrientationPortrait UIInterfaceOrientationPortraitUpsideDown UIInterfaceOrientationLandscapeLeft UIInterfaceOrientationLandscapeRight";
				INFOPLIST_KEY_UISupportedInterfaceOrientations_iPhone = "UIInterfaceOrientationPortrait UIInterfaceOrientationLandscapeLeft UIInterfaceOrientationLandscapeRight";
				IPHONEOS_DEPLOYMENT_TARGET = 16.4;
				LD_RUNPATH_SEARCH_PATHS = "@executable_path/Frameworks";
				"LD_RUNPATH_SEARCH_PATHS[sdk=macosx*]" = "@executable_path/../Frameworks";
				MACOSX_DEPLOYMENT_TARGET = 13.1;
				MARKETING_VERSION = 1.0;
				PRODUCT_BUNDLE_IDENTIFIER = "io.bonney.rockland-me";
				PRODUCT_NAME = "$(TARGET_NAME)";
				SDKROOT = auto;
				SUPPORTED_PLATFORMS = "iphoneos iphonesimulator macosx";
				SWIFT_EMIT_LOC_STRINGS = YES;
				SWIFT_VERSION = 5.0;
				TARGETED_DEVICE_FAMILY = "1,2";
			};
			name = Release;
		};
/* End XCBuildConfiguration section */

/* Begin XCConfigurationList section */
		026CA3B02A1054BC00659D36 /* Build configuration list for PBXProject "rockland-me" */ = {
			isa = XCConfigurationList;
			buildConfigurations = (
				026CA3C22A1054BD00659D36 /* Debug */,
				026CA3C32A1054BD00659D36 /* Release */,
			);
			defaultConfigurationIsVisible = 0;
			defaultConfigurationName = Release;
		};
		026CA3C42A1054BD00659D36 /* Build configuration list for PBXNativeTarget "rockland-me" */ = {
			isa = XCConfigurationList;
			buildConfigurations = (
				026CA3C52A1054BD00659D36 /* Debug */,
				026CA3C62A1054BD00659D36 /* Release */,
			);
			defaultConfigurationIsVisible = 0;
			defaultConfigurationName = Release;
		};
/* End XCConfigurationList section */

/* Begin XCRemoteSwiftPackageReference section */
		02C38A542A13DAE20019D796 /* XCRemoteSwiftPackageReference "MBUtilities" */ = {
			isa = XCRemoteSwiftPackageReference;
			repositoryURL = "https://github.com/Bonney/MBUtilities/";
			requirement = {
				branch = master;
				kind = branch;
			};
		};
/* End XCRemoteSwiftPackageReference section */

/* Begin XCSwiftPackageProductDependency section */
		021D57CD2A282C8B009892BE /* MacUI */ = {
			isa = XCSwiftPackageProductDependency;
			productName = MacUI;
		};
		021D57D02A282ECF009892BE /* ViewModels */ = {
			isa = XCSwiftPackageProductDependency;
			productName = ViewModels;
		};
		021D57D32A28D535009892BE /* Routing */ = {
			isa = XCSwiftPackageProductDependency;
			productName = Routing;
		};
		02C38A552A13DAE20019D796 /* MBUtilities */ = {
			isa = XCSwiftPackageProductDependency;
			package = 02C38A542A13DAE20019D796 /* XCRemoteSwiftPackageReference "MBUtilities" */;
			productName = MBUtilities;
		};
/* End XCSwiftPackageProductDependency section */
	};
	rootObject = 026CA3AD2A1054BC00659D36 /* Project object */;
}
