{
  "pins" : [
    {
      "identity" : "mbutilities",
      "kind" : "remoteSourceControl",
      "location" : "https://github.com/Bonney/MBUtilities/",
      "state" : {
        "branch" : "master",
        "revision" : "8a74e70849394b9eacaab6633f19c2bdb690276d"
      }
    }
  ],
  "version" : 2
}
